
Microsoft Visual Studio Solution File, Format Version 12.00
# Visual Studio Version 17
VisualStudioVersion = 17.13.35919.96 d17.13
MinimumVisualStudioVersion = 10.0.40219.1
Project("{FAE04EC0-301F-11D3-BF4B-00C04F79EFBC}") = "MyWebsite", "MyWebsite.csproj", "{09DBB489-CE5E-426B-AC1A-BF21E455A30A}"
EndProject
Global
	GlobalSection(SolutionConfigurationPlatforms) = preSolution
		Debug|Any CPU = Debug|Any CPU
		Release|Any CPU = Release|Any CPU
	EndGlobalSection
	GlobalSection(ProjectConfigurationPlatforms) = postSolution
		{09DBB489-CE5E-426B-AC1A-BF21E455A30A}.Debug|Any CPU.ActiveCfg = Debug|Any CPU
		{09DBB489-CE5E-426B-AC1A-BF21E455A30A}.Debug|Any CPU.Build.0 = Debug|Any CPU
		{09DBB489-CE5E-426B-AC1A-BF21E455A30A}.Release|Any CPU.ActiveCfg = Release|Any CPU
		{09DBB489-CE5E-426B-AC1A-BF21E455A30A}.Release|Any CPU.Build.0 = Release|Any CPU
	EndGlobalSection
	GlobalSection(SolutionProperties) = preSolution
		HideSolutionNode = FALSE
	EndGlobalSection
	GlobalSection(ExtensibilityGlobals) = postSolution
		SolutionGuid = {F8098D8A-8D38-4E00-9DBB-C579F3085C2B}
	EndGlobalSection
EndGlobal
